
Microsoft Visual Studio Solution File, Format Version 12.00
# Visual Studio 15
VisualStudioVersion = 15.0.28307.106
MinimumVisualStudioVersion = 10.0.40219.1
Project("{FAE04EC0-301F-11D3-BF4B-00C04F79EFBC}") = "Final Reports", "Final Reports\Final Reports.csproj", "{B6DE2F13-B083-419B-BD8D-7CEB9B626F28}"
EndProject
Global
	GlobalSection(SolutionConfigurationPlatforms) = preSolution
		Debug|Any CPU = Debug|Any CPU
		Release|Any CPU = Release|Any CPU
	EndGlobalSection
	GlobalSection(ProjectConfigurationPlatforms) = postSolution
		{B6DE2F13-B083-419B-BD8D-7CEB9B626F28}.Debug|Any CPU.ActiveCfg = Debug|Any CPU
		{B6DE2F13-B083-419B-BD8D-7CEB9B626F28}.Debug|Any CPU.Build.0 = Debug|Any CPU
		{B6DE2F13-B083-419B-BD8D-7CEB9B626F28}.Release|Any CPU.ActiveCfg = Release|Any CPU
		{B6DE2F13-B083-419B-BD8D-7CEB9B626F28}.Release|Any CPU.Build.0 = Release|Any CPU
	EndGlobalSection
	GlobalSection(SolutionProperties) = preSolution
		HideSolutionNode = FALSE
	EndGlobalSection
	GlobalSection(ExtensibilityGlobals) = postSolution
		SolutionGuid = {B0958741-AF13-4A90-817C-0E28E3DC095E}
	EndGlobalSection
EndGlobal
